<?xml version="1.0" encoding="utf-8"?>
<Project ToolsVersion="4.0" xmlns="http://schemas.microsoft.com/developer/msbuild/2003">
  <ItemGroup>
    <Filter Include="Source Files">
      <UniqueIdentifier>{4FC737F1-C7A5-4376-A066-2A32D752A2FF}</UniqueIdentifier>
      <Extensions>cpp;c;cc;cxx;c++;cppm;ixx;def;odl;idl;hpj;bat;asm;asmx</Extensions>
    </Filter>
    <Filter Include="Header Files">
      <UniqueIdentifier>{93995380-89BD-4b04-88EB-625FBE52EBFB}</UniqueIdentifier>
      <Extensions>h;hh;hpp;hxx;h++;hm;inl;inc;ipp;xsd</Extensions>
    </Filter>
    <Filter Include="Resource Files">
      <UniqueIdentifier>{67DA6AB6-F800-4c08-8B7A-83BB121AAD01}</UniqueIdentifier>
      <Extensions>rc;ico;cur;bmp;dlg;rc2;rct;bin;rgs;gif;jpg;jpeg;jpe;resx;tiff;tif;png;wav;mfcribbon-ms</Extensions>
    </Filter>
  </ItemGroup>
  <ItemGroup>
    <ClCompile Include="Source.cpp">
      <Filter>Source Files</Filter>
    </ClCompile>
    <ClCompile Include="turno.cpp">
      <Filter>Source Files</Filter>
    </ClCompile>
    <ClCompile Include="paciente.cpp">
      <Filter>Source Files</Filter>
    </ClCompile>
    <ClCompile Include="hora.cpp">
      <Filter>Source Files</Filter>
    </ClCompile>
    <ClCompile Include="fecha.cpp">
      <Filter>Source Files</Filter>
    </ClCompile>
    <ClCompile Include="especialista.cpp">
      <Filter>Source Files</Filter>
    </ClCompile>
    <ClCompile Include="persona.cpp">
      <Filter>Source Files</Filter>
    </ClCompile>
    <ClCompile Include="validaciones.cpp">
      <Filter>Source Files</Filter>
    </ClCompile>
  </ItemGroup>
  <ItemGroup>
    <ClInclude Include="altaTurnoEspecialista.h">
      <Filter>Header Files</Filter>
    </ClInclude>
    <ClInclude Include="archivoClassEspecialista.h">
      <Filter>Header Files</Filter>
    </ClInclude>
    <ClInclude Include="archivoClassPacientess.h">
      <Filter>Header Files</Filter>
    </ClInclude>
    <ClInclude Include="archivoControladores.h">
      <Filter>Header Files</Filter>
    </ClInclude>
    <ClInclude Include="archivoControladoresEspecialista.h">
      <Filter>Header Files</Filter>
    </ClInclude>
    <ClInclude Include="consulta.h">
      <Filter>Header Files</Filter>
    </ClInclude>
    <ClInclude Include="especialista.h">
      <Filter>Header Files</Filter>
    </ClInclude>
    <ClInclude Include="fecha.h">
      <Filter>Header Files</Filter>
    </ClInclude>
    <ClInclude Include="hora.h">
      <Filter>Header Files</Filter>
    </ClInclude>
    <ClInclude Include="listadosControladores.h">
      <Filter>Header Files</Filter>
    </ClInclude>
    <ClInclude Include="listadosControlaTurno2.h">
      <Filter>Header Files</Filter>
    </ClInclude>
    <ClInclude Include="paciente.h">
      <Filter>Header Files</Filter>
    </ClInclude>
    <ClInclude Include="persona.h">
      <Filter>Header Files</Filter>
    </ClInclude>
    <ClInclude Include="recuadro.h">
      <Filter>Header Files</Filter>
    </ClInclude>
    <ClInclude Include="reporteControladores.h">
      <Filter>Header Files</Filter>
    </ClInclude>
    <ClInclude Include="rlutil.h">
      <Filter>Header Files</Filter>
    </ClInclude>
    <ClInclude Include="subListas.h">
      <Filter>Header Files</Filter>
    </ClInclude>
    <ClInclude Include="subMenuBaja.h">
      <Filter>Header Files</Filter>
    </ClInclude>
    <ClInclude Include="subMenuModificar.h">
      <Filter>Header Files</Filter>
    </ClInclude>
    <ClInclude Include="subMenuReporte.h">
      <Filter>Header Files</Filter>
    </ClInclude>
    <ClInclude Include="turno.h">
      <Filter>Header Files</Filter>
    </ClInclude>
    <ClInclude Include="validaciones.h">
      <Filter>Header Files</Filter>
    </ClInclude>
  </ItemGroup>
  <ItemGroup>
    <None Include="ClassDiagram.cd" />
  </ItemGroup>
</Project>